{
  "nodes": {
    "home-manager": {
      "inputs": {
        "nixpkgs": [
          "nixpkgs"
        ]
      },
      "locked": {
        "lastModified": 1736373539,
        "narHash": "sha256-dinzAqCjenWDxuy+MqUQq0I4zUSfaCvN9rzuCmgMZJY=",
        "owner": "nix-community",
        "repo": "home-manager",
        "rev": "bd65bc3cde04c16755955630b344bc9e35272c56",
        "type": "github"
      },
      "original": {
        "owner": "nix-community",
        "ref": "release-24.11",
        "repo": "home-manager",
        "type": "github"
      }
    },
    "nixpkgs": {
      "locked": {
        "lastModified": 1738843498,
        "narHash": "sha256-7x+Q4xgFj9UxZZO9aUDCR8h4vyYut4zPUvfj3i+jBHE=",
        "owner": "NixOS",
        "repo": "nixpkgs",
        "rev": "f5a32fa27df91dfc4b762671a0e0a859a8a0058f",
        "type": "github"
      },
      "original": {
        "owner": "NixOS",
        "ref": "nixos-24.11",
        "repo": "nixpkgs",
        "type": "github"
      }
    },
    "root": {
      "inputs": {
        "home-manager": "home-manager",
        "nixpkgs": "nixpkgs",
        "thecomet-nvim": "thecomet-nvim"
      }
    },
    "thecomet-nvim": {
      "flake": false,
      "locked": {
        "lastModified": 1739018987,
        "narHash": "sha256-3iGCPBsd310Bp4DEgWei93T3WhCgvu5RwdkhGRHzTB4=",
        "owner": "TheComet",
        "repo": "nvim",
        "rev": "e4a4ad34be6c19b334cedb7e457ac28508333a3d",
        "type": "github"
      },
      "original": {
        "owner": "TheComet",
        "repo": "nvim",
        "type": "github"
      }
    }
  },
  "root": "root",
  "version": 7
}
